
Microsoft Visual Studio Solution File, Format Version 12.00
# Visual Studio 15
VisualStudioVersion = 15.0.28307.102
MinimumVisualStudioVersion = 10.0.40219.1
Project("{FAE04EC0-301F-11D3-BF4B-00C04F79EFBC}") = "CdsaSampleDataGenerator", "CdsaSampleDataGenerator\CdsaSampleDataGenerator.csproj", "{492FEED7-CF7E-4F2E-B191-C37A7071FCC4}"
EndProject
Global
	GlobalSection(SolutionConfigurationPlatforms) = preSolution
		Debug|Any CPU = Debug|Any CPU
		Release|Any CPU = Release|Any CPU
	EndGlobalSection
	GlobalSection(ProjectConfigurationPlatforms) = postSolution
		{492FEED7-CF7E-4F2E-B191-C37A7071FCC4}.Debug|Any CPU.ActiveCfg = Debug|Any CPU
		{492FEED7-CF7E-4F2E-B191-C37A7071FCC4}.Debug|Any CPU.Build.0 = Debug|Any CPU
		{492FEED7-CF7E-4F2E-B191-C37A7071FCC4}.Release|Any CPU.ActiveCfg = Release|Any CPU
		{492FEED7-CF7E-4F2E-B191-C37A7071FCC4}.Release|Any CPU.Build.0 = Release|Any CPU
	EndGlobalSection
	GlobalSection(SolutionProperties) = preSolution
		HideSolutionNode = FALSE
	EndGlobalSection
	GlobalSection(ExtensibilityGlobals) = postSolution
		SolutionGuid = {71AA819B-C1D4-4F13-8B82-811A81F77AA8}
	EndGlobalSection
EndGlobal
